
Microsoft Visual Studio Solution File, Format Version 12.00
# Visual Studio Version 16
VisualStudioVersion = 16.0.31025.194
MinimumVisualStudioVersion = 10.0.40219.1
Project("{8BC9CEB8-8B4A-11D0-8D11-00A0C91BC942}") = "ExpressionSynth_StandalonePlugin", "ExpressionSynth_StandalonePlugin.vcxproj", "{030E942E-0FAF-8B65-E131-6A0C717CA42C}"
	ProjectSection(ProjectDependencies) = postProject
		{0D3164D5-1106-EFD4-054F-347778A5BB24} = {0D3164D5-1106-EFD4-054F-347778A5BB24}
	EndProjectSection
EndProject
Project("{8BC9CEB8-8B4A-11D0-8D11-00A0C91BC942}") = "ExpressionSynth_VST3", "ExpressionSynth_VST3.vcxproj", "{8969DA02-934B-28A9-6DE7-57DFF95C11FE}"
	ProjectSection(ProjectDependencies) = postProject
		{0D3164D5-1106-EFD4-054F-347778A5BB24} = {0D3164D5-1106-EFD4-054F-347778A5BB24}
	EndProjectSection
EndProject
Project("{8BC9CEB8-8B4A-11D0-8D11-00A0C91BC942}") = "ExpressionSynth_SharedCode", "ExpressionSynth_SharedCode.vcxproj", "{0D3164D5-1106-EFD4-054F-347778A5BB24}"
EndProject
Project("{8BC9CEB8-8B4A-11D0-8D11-00A0C91BC942}") = "AudioPluginHost_App", "C:\Program Files\JUCE\extras\AudioPluginHost\Builds\VisualStudio2019\AudioPluginHost_App.vcxproj", "{5666EAA2-C82B-D06A-5228-D0E810428536}"
EndProject
Global
	GlobalSection(SolutionConfigurationPlatforms) = preSolution
		Debug|x64 = Debug|x64
		Release|x64 = Release|x64
	EndGlobalSection
	GlobalSection(ProjectConfigurationPlatforms) = postSolution
		{030E942E-0FAF-8B65-E131-6A0C717CA42C}.Debug|x64.ActiveCfg = Debug|x64
		{030E942E-0FAF-8B65-E131-6A0C717CA42C}.Debug|x64.Build.0 = Debug|x64
		{030E942E-0FAF-8B65-E131-6A0C717CA42C}.Release|x64.ActiveCfg = Release|x64
		{030E942E-0FAF-8B65-E131-6A0C717CA42C}.Release|x64.Build.0 = Release|x64
		{8969DA02-934B-28A9-6DE7-57DFF95C11FE}.Debug|x64.ActiveCfg = Debug|x64
		{8969DA02-934B-28A9-6DE7-57DFF95C11FE}.Debug|x64.Build.0 = Debug|x64
		{8969DA02-934B-28A9-6DE7-57DFF95C11FE}.Release|x64.ActiveCfg = Release|x64
		{8969DA02-934B-28A9-6DE7-57DFF95C11FE}.Release|x64.Build.0 = Release|x64
		{0D3164D5-1106-EFD4-054F-347778A5BB24}.Debug|x64.ActiveCfg = Debug|x64
		{0D3164D5-1106-EFD4-054F-347778A5BB24}.Debug|x64.Build.0 = Debug|x64
		{0D3164D5-1106-EFD4-054F-347778A5BB24}.Release|x64.ActiveCfg = Release|x64
		{0D3164D5-1106-EFD4-054F-347778A5BB24}.Release|x64.Build.0 = Release|x64
		{5666EAA2-C82B-D06A-5228-D0E810428536}.Debug|x64.ActiveCfg = Debug|x64
		{5666EAA2-C82B-D06A-5228-D0E810428536}.Debug|x64.Build.0 = Debug|x64
		{5666EAA2-C82B-D06A-5228-D0E810428536}.Release|x64.ActiveCfg = Release|x64
		{5666EAA2-C82B-D06A-5228-D0E810428536}.Release|x64.Build.0 = Release|x64
	EndGlobalSection
	GlobalSection(SolutionProperties) = preSolution
		HideSolutionNode = FALSE
	EndGlobalSection
	GlobalSection(ExtensibilityGlobals) = postSolution
		SolutionGuid = {3E34F761-B0B0-491B-9676-FDF8844F9EC4}
	EndGlobalSection
EndGlobal
